
Microsoft Visual Studio Solution File, Format Version 12.00
# Visual Studio Version 17
VisualStudioVersion = 17.8.34601.278
MinimumVisualStudioVersion = 10.0.40219.1
Project("{FAE04EC0-301F-11D3-BF4B-00C04F79EFBC}") = "AFI.WebApi", "AFI.WebApi\AFI.WebApi.csproj", "{CD7E83AF-72FA-449F-B301-9F467F7A6CA7}"
EndProject
Project("{FAE04EC0-301F-11D3-BF4B-00C04F79EFBC}") = "AFI.BusinessLogic", "AFI.BusinessLogic\AFI.BusinessLogic.csproj", "{38D9E6BD-7854-4266-ACF8-7C16FD444E9D}"
EndProject
Project("{FAE04EC0-301F-11D3-BF4B-00C04F79EFBC}") = "AFI.DataAccess", "AFI.DataAccess\AFI.DataAccess.csproj", "{D26A3C20-4BDC-4064-B742-08A699409594}"
EndProject
Project("{2150E333-8FDC-42A3-9474-1A3956D46DE8}") = "Tests", "Tests", "{CD61AD8C-6BAB-47C6-9776-C87825FDDC1B}"
EndProject
Project("{FAE04EC0-301F-11D3-BF4B-00C04F79EFBC}") = "AFI.DataAccessTests", "AFI.DataAccessTests\AFI.DataAccessTests.csproj", "{F5D03B23-AFC1-4663-A317-FC292E16D4EB}"
EndProject
Project("{FAE04EC0-301F-11D3-BF4B-00C04F79EFBC}") = "AFI.Handlers", "AFI.Handlers\AFI.Handlers.csproj", "{7C557F3C-BE60-4D74-B13D-ACF664C2332E}"
EndProject
Project("{FAE04EC0-301F-11D3-BF4B-00C04F79EFBC}") = "AFI.Models", "AFI.Models\AFI.Models.csproj", "{D1617FBC-F3AA-4F5A-9313-29D9D1820193}"
EndProject
Project("{FAE04EC0-301F-11D3-BF4B-00C04F79EFBC}") = "AFI.ModelsTests", "AFI.ModelsTests\AFI.ModelsTests.csproj", "{A48F0E56-A4D9-43A7-8E38-7376E6E80B39}"
EndProject
Global
	GlobalSection(SolutionConfigurationPlatforms) = preSolution
		Debug|Any CPU = Debug|Any CPU
		Release|Any CPU = Release|Any CPU
	EndGlobalSection
	GlobalSection(ProjectConfigurationPlatforms) = postSolution
		{CD7E83AF-72FA-449F-B301-9F467F7A6CA7}.Debug|Any CPU.ActiveCfg = Debug|Any CPU
		{CD7E83AF-72FA-449F-B301-9F467F7A6CA7}.Debug|Any CPU.Build.0 = Debug|Any CPU
		{CD7E83AF-72FA-449F-B301-9F467F7A6CA7}.Release|Any CPU.ActiveCfg = Release|Any CPU
		{CD7E83AF-72FA-449F-B301-9F467F7A6CA7}.Release|Any CPU.Build.0 = Release|Any CPU
		{38D9E6BD-7854-4266-ACF8-7C16FD444E9D}.Debug|Any CPU.ActiveCfg = Debug|Any CPU
		{38D9E6BD-7854-4266-ACF8-7C16FD444E9D}.Debug|Any CPU.Build.0 = Debug|Any CPU
		{38D9E6BD-7854-4266-ACF8-7C16FD444E9D}.Release|Any CPU.ActiveCfg = Release|Any CPU
		{38D9E6BD-7854-4266-ACF8-7C16FD444E9D}.Release|Any CPU.Build.0 = Release|Any CPU
		{D26A3C20-4BDC-4064-B742-08A699409594}.Debug|Any CPU.ActiveCfg = Debug|Any CPU
		{D26A3C20-4BDC-4064-B742-08A699409594}.Debug|Any CPU.Build.0 = Debug|Any CPU
		{D26A3C20-4BDC-4064-B742-08A699409594}.Release|Any CPU.ActiveCfg = Release|Any CPU
		{D26A3C20-4BDC-4064-B742-08A699409594}.Release|Any CPU.Build.0 = Release|Any CPU
		{F5D03B23-AFC1-4663-A317-FC292E16D4EB}.Debug|Any CPU.ActiveCfg = Debug|Any CPU
		{F5D03B23-AFC1-4663-A317-FC292E16D4EB}.Debug|Any CPU.Build.0 = Debug|Any CPU
		{F5D03B23-AFC1-4663-A317-FC292E16D4EB}.Release|Any CPU.ActiveCfg = Release|Any CPU
		{F5D03B23-AFC1-4663-A317-FC292E16D4EB}.Release|Any CPU.Build.0 = Release|Any CPU
		{7C557F3C-BE60-4D74-B13D-ACF664C2332E}.Debug|Any CPU.ActiveCfg = Debug|Any CPU
		{7C557F3C-BE60-4D74-B13D-ACF664C2332E}.Debug|Any CPU.Build.0 = Debug|Any CPU
		{7C557F3C-BE60-4D74-B13D-ACF664C2332E}.Release|Any CPU.ActiveCfg = Release|Any CPU
		{7C557F3C-BE60-4D74-B13D-ACF664C2332E}.Release|Any CPU.Build.0 = Release|Any CPU
		{D1617FBC-F3AA-4F5A-9313-29D9D1820193}.Debug|Any CPU.ActiveCfg = Debug|Any CPU
		{D1617FBC-F3AA-4F5A-9313-29D9D1820193}.Debug|Any CPU.Build.0 = Debug|Any CPU
		{D1617FBC-F3AA-4F5A-9313-29D9D1820193}.Release|Any CPU.ActiveCfg = Release|Any CPU
		{D1617FBC-F3AA-4F5A-9313-29D9D1820193}.Release|Any CPU.Build.0 = Release|Any CPU
		{A48F0E56-A4D9-43A7-8E38-7376E6E80B39}.Debug|Any CPU.ActiveCfg = Debug|Any CPU
		{A48F0E56-A4D9-43A7-8E38-7376E6E80B39}.Debug|Any CPU.Build.0 = Debug|Any CPU
		{A48F0E56-A4D9-43A7-8E38-7376E6E80B39}.Release|Any CPU.ActiveCfg = Release|Any CPU
		{A48F0E56-A4D9-43A7-8E38-7376E6E80B39}.Release|Any CPU.Build.0 = Release|Any CPU
	EndGlobalSection
	GlobalSection(SolutionProperties) = preSolution
		HideSolutionNode = FALSE
	EndGlobalSection
	GlobalSection(NestedProjects) = preSolution
		{F5D03B23-AFC1-4663-A317-FC292E16D4EB} = {CD61AD8C-6BAB-47C6-9776-C87825FDDC1B}
		{A48F0E56-A4D9-43A7-8E38-7376E6E80B39} = {CD61AD8C-6BAB-47C6-9776-C87825FDDC1B}
	EndGlobalSection
	GlobalSection(ExtensibilityGlobals) = postSolution
		SolutionGuid = {D1D52087-1927-4A0D-BB39-BA9FE19D96E0}
	EndGlobalSection
EndGlobal
